
Microsoft Visual Studio Solution File, Format Version 12.00
# Visual Studio 14
VisualStudioVersion = 14.0.25420.1
MinimumVisualStudioVersion = 10.0.40219.1
Project("{2150E333-8FDC-42A3-9474-1A3956D46DE8}") = "BVEngine", "BVEngine", "{0A5F5CE5-4D56-4351-B093-7C38359A5C99}"
EndProject
Project("{2150E333-8FDC-42A3-9474-1A3956D46DE8}") = "Demos", "Demos", "{9B83E12C-936B-443E-B97F-6E49442B5861}"
EndProject
Project("{8BC9CEB8-8B4A-11D0-8D11-00A0C91BC942}") = "FileSystem", "BVEngine\FileSystem\FileSystem.vcxproj", "{7C39C0E8-72A2-4560-BA76-1BB2FB2DDC17}"
EndProject
Project("{8BC9CEB8-8B4A-11D0-8D11-00A0C91BC942}") = "MemorySystem", "BVEngine\MemorySystem\MemorySystem.vcxproj", "{FA34B32A-A045-4661-8423-6B4AC06676F4}"
EndProject
Project("{8BC9CEB8-8B4A-11D0-8D11-00A0C91BC942}") = "Math", "BVEngine\Math\Math.vcxproj", "{C30BDC81-FA59-416F-9F5F-4568D6A2F329}"
EndProject
Project("{8BC9CEB8-8B4A-11D0-8D11-00A0C91BC942}") = "Engine", "BVEngine\Engine\Engine.vcxproj", "{09365990-EFE3-4251-8999-FD64FF28AC59}"
	ProjectSection(ProjectDependencies) = postProject
		{FA34B32A-A045-4661-8423-6B4AC06676F4} = {FA34B32A-A045-4661-8423-6B4AC06676F4}
		{C30BDC81-FA59-416F-9F5F-4568D6A2F329} = {C30BDC81-FA59-416F-9F5F-4568D6A2F329}
		{4995ACBA-9810-4673-A51F-235FE8996C92} = {4995ACBA-9810-4673-A51F-235FE8996C92}
	EndProjectSection
EndProject
Project("{8BC9CEB8-8B4A-11D0-8D11-00A0C91BC942}") = "Graphics", "BVEngine\Graphics\Graphics.vcxproj", "{4995ACBA-9810-4673-A51F-235FE8996C92}"
EndProject
Project("{8BC9CEB8-8B4A-11D0-8D11-00A0C91BC942}") = "BasicDeferredRendering", "Demos\BasicDeferredRendering\BasicDeferredRendering.vcxproj", "{D40C0468-7888-4962-BB10-288457D51EB7}"
	ProjectSection(ProjectDependencies) = postProject
		{FA34B32A-A045-4661-8423-6B4AC06676F4} = {FA34B32A-A045-4661-8423-6B4AC06676F4}
		{C30BDC81-FA59-416F-9F5F-4568D6A2F329} = {C30BDC81-FA59-416F-9F5F-4568D6A2F329}
		{09365990-EFE3-4251-8999-FD64FF28AC59} = {09365990-EFE3-4251-8999-FD64FF28AC59}
		{4995ACBA-9810-4673-A51F-235FE8996C92} = {4995ACBA-9810-4673-A51F-235FE8996C92}
	EndProjectSection
EndProject
Project("{8BC9CEB8-8B4A-11D0-8D11-00A0C91BC942}") = "DSSpotLightTest", "Demos\DSSpotLightTest\DSSpotLightTest.vcxproj", "{0B8ADA25-B219-45D0-B8B3-04E020C721AA}"
	ProjectSection(ProjectDependencies) = postProject
		{FA34B32A-A045-4661-8423-6B4AC06676F4} = {FA34B32A-A045-4661-8423-6B4AC06676F4}
		{C30BDC81-FA59-416F-9F5F-4568D6A2F329} = {C30BDC81-FA59-416F-9F5F-4568D6A2F329}
		{09365990-EFE3-4251-8999-FD64FF28AC59} = {09365990-EFE3-4251-8999-FD64FF28AC59}
		{4995ACBA-9810-4673-A51F-235FE8996C92} = {4995ACBA-9810-4673-A51F-235FE8996C92}
	EndProjectSection
EndProject
Project("{8BC9CEB8-8B4A-11D0-8D11-00A0C91BC942}") = "InstancedPointLights", "Demos\InstancedPointLights\InstancedPointLights.vcxproj", "{1972539F-8CD6-48B6-AF3D-13FFFC7253E7}"
	ProjectSection(ProjectDependencies) = postProject
		{FA34B32A-A045-4661-8423-6B4AC06676F4} = {FA34B32A-A045-4661-8423-6B4AC06676F4}
		{C30BDC81-FA59-416F-9F5F-4568D6A2F329} = {C30BDC81-FA59-416F-9F5F-4568D6A2F329}
		{09365990-EFE3-4251-8999-FD64FF28AC59} = {09365990-EFE3-4251-8999-FD64FF28AC59}
		{4995ACBA-9810-4673-A51F-235FE8996C92} = {4995ACBA-9810-4673-A51F-235FE8996C92}
	EndProjectSection
EndProject
Project("{8BC9CEB8-8B4A-11D0-8D11-00A0C91BC942}") = "SpotLightShadows", "Demos\SpotLightShadows\SpotLightShadows.vcxproj", "{B5D4103F-81A6-415F-A420-4822976F72DD}"
	ProjectSection(ProjectDependencies) = postProject
		{FA34B32A-A045-4661-8423-6B4AC06676F4} = {FA34B32A-A045-4661-8423-6B4AC06676F4}
		{C30BDC81-FA59-416F-9F5F-4568D6A2F329} = {C30BDC81-FA59-416F-9F5F-4568D6A2F329}
		{09365990-EFE3-4251-8999-FD64FF28AC59} = {09365990-EFE3-4251-8999-FD64FF28AC59}
		{4995ACBA-9810-4673-A51F-235FE8996C92} = {4995ACBA-9810-4673-A51F-235FE8996C92}
	EndProjectSection
EndProject
Project("{8BC9CEB8-8B4A-11D0-8D11-00A0C91BC942}") = "PointLightShadows", "Demos\PointLightShadows\PointLightShadows.vcxproj", "{7CDF760A-2A36-4998-A5D0-139447B460F5}"
	ProjectSection(ProjectDependencies) = postProject
		{FA34B32A-A045-4661-8423-6B4AC06676F4} = {FA34B32A-A045-4661-8423-6B4AC06676F4}
		{C30BDC81-FA59-416F-9F5F-4568D6A2F329} = {C30BDC81-FA59-416F-9F5F-4568D6A2F329}
		{09365990-EFE3-4251-8999-FD64FF28AC59} = {09365990-EFE3-4251-8999-FD64FF28AC59}
		{4995ACBA-9810-4673-A51F-235FE8996C92} = {4995ACBA-9810-4673-A51F-235FE8996C92}
	EndProjectSection
EndProject
Project("{8BC9CEB8-8B4A-11D0-8D11-00A0C91BC942}") = "DirectionalLightShadows", "Demos\DirectionalLightShadows\DirectionalLightShadows.vcxproj", "{12ECE349-D718-4815-A54D-84F89F4212D6}"
	ProjectSection(ProjectDependencies) = postProject
		{FA34B32A-A045-4661-8423-6B4AC06676F4} = {FA34B32A-A045-4661-8423-6B4AC06676F4}
		{C30BDC81-FA59-416F-9F5F-4568D6A2F329} = {C30BDC81-FA59-416F-9F5F-4568D6A2F329}
		{09365990-EFE3-4251-8999-FD64FF28AC59} = {09365990-EFE3-4251-8999-FD64FF28AC59}
		{4995ACBA-9810-4673-A51F-235FE8996C92} = {4995ACBA-9810-4673-A51F-235FE8996C92}
	EndProjectSection
EndProject
Global
	GlobalSection(SolutionConfigurationPlatforms) = preSolution
		Debug|Win32 = Debug|Win32
		Debug|x64 = Debug|x64
		Release|Win32 = Release|Win32
		Release|x64 = Release|x64
	EndGlobalSection
	GlobalSection(ProjectConfigurationPlatforms) = postSolution
		{7C39C0E8-72A2-4560-BA76-1BB2FB2DDC17}.Debug|Win32.ActiveCfg = Debug|Win32
		{7C39C0E8-72A2-4560-BA76-1BB2FB2DDC17}.Debug|Win32.Build.0 = Debug|Win32
		{7C39C0E8-72A2-4560-BA76-1BB2FB2DDC17}.Debug|x64.ActiveCfg = Debug|Win32
		{7C39C0E8-72A2-4560-BA76-1BB2FB2DDC17}.Release|Win32.ActiveCfg = Release|Win32
		{7C39C0E8-72A2-4560-BA76-1BB2FB2DDC17}.Release|Win32.Build.0 = Release|Win32
		{7C39C0E8-72A2-4560-BA76-1BB2FB2DDC17}.Release|x64.ActiveCfg = Release|Win32
		{FA34B32A-A045-4661-8423-6B4AC06676F4}.Debug|Win32.ActiveCfg = Debug|Win32
		{FA34B32A-A045-4661-8423-6B4AC06676F4}.Debug|Win32.Build.0 = Debug|Win32
		{FA34B32A-A045-4661-8423-6B4AC06676F4}.Debug|x64.ActiveCfg = Debug|Win32
		{FA34B32A-A045-4661-8423-6B4AC06676F4}.Release|Win32.ActiveCfg = Release|Win32
		{FA34B32A-A045-4661-8423-6B4AC06676F4}.Release|Win32.Build.0 = Release|Win32
		{FA34B32A-A045-4661-8423-6B4AC06676F4}.Release|x64.ActiveCfg = Release|Win32
		{C30BDC81-FA59-416F-9F5F-4568D6A2F329}.Debug|Win32.ActiveCfg = Debug|Win32
		{C30BDC81-FA59-416F-9F5F-4568D6A2F329}.Debug|Win32.Build.0 = Debug|Win32
		{C30BDC81-FA59-416F-9F5F-4568D6A2F329}.Debug|x64.ActiveCfg = Debug|Win32
		{C30BDC81-FA59-416F-9F5F-4568D6A2F329}.Release|Win32.ActiveCfg = Release|Win32
		{C30BDC81-FA59-416F-9F5F-4568D6A2F329}.Release|Win32.Build.0 = Release|Win32
		{C30BDC81-FA59-416F-9F5F-4568D6A2F329}.Release|x64.ActiveCfg = Release|Win32
		{09365990-EFE3-4251-8999-FD64FF28AC59}.Debug|Win32.ActiveCfg = Debug|Win32
		{09365990-EFE3-4251-8999-FD64FF28AC59}.Debug|Win32.Build.0 = Debug|Win32
		{09365990-EFE3-4251-8999-FD64FF28AC59}.Debug|x64.ActiveCfg = Debug|Win32
		{09365990-EFE3-4251-8999-FD64FF28AC59}.Release|Win32.ActiveCfg = Release|Win32
		{09365990-EFE3-4251-8999-FD64FF28AC59}.Release|Win32.Build.0 = Release|Win32
		{09365990-EFE3-4251-8999-FD64FF28AC59}.Release|x64.ActiveCfg = Release|Win32
		{4995ACBA-9810-4673-A51F-235FE8996C92}.Debug|Win32.ActiveCfg = Debug|Win32
		{4995ACBA-9810-4673-A51F-235FE8996C92}.Debug|Win32.Build.0 = Debug|Win32
		{4995ACBA-9810-4673-A51F-235FE8996C92}.Debug|x64.ActiveCfg = Debug|Win32
		{4995ACBA-9810-4673-A51F-235FE8996C92}.Release|Win32.ActiveCfg = Release|Win32
		{4995ACBA-9810-4673-A51F-235FE8996C92}.Release|Win32.Build.0 = Release|Win32
		{4995ACBA-9810-4673-A51F-235FE8996C92}.Release|x64.ActiveCfg = Release|Win32
		{D40C0468-7888-4962-BB10-288457D51EB7}.Debug|Win32.ActiveCfg = Debug|Win32
		{D40C0468-7888-4962-BB10-288457D51EB7}.Debug|Win32.Build.0 = Debug|Win32
		{D40C0468-7888-4962-BB10-288457D51EB7}.Debug|x64.ActiveCfg = Debug|x64
		{D40C0468-7888-4962-BB10-288457D51EB7}.Debug|x64.Build.0 = Debug|x64
		{D40C0468-7888-4962-BB10-288457D51EB7}.Release|Win32.ActiveCfg = Release|Win32
		{D40C0468-7888-4962-BB10-288457D51EB7}.Release|Win32.Build.0 = Release|Win32
		{D40C0468-7888-4962-BB10-288457D51EB7}.Release|x64.ActiveCfg = Release|x64
		{D40C0468-7888-4962-BB10-288457D51EB7}.Release|x64.Build.0 = Release|x64
		{0B8ADA25-B219-45D0-B8B3-04E020C721AA}.Debug|Win32.ActiveCfg = Debug|Win32
		{0B8ADA25-B219-45D0-B8B3-04E020C721AA}.Debug|Win32.Build.0 = Debug|Win32
		{0B8ADA25-B219-45D0-B8B3-04E020C721AA}.Debug|x64.ActiveCfg = Debug|x64
		{0B8ADA25-B219-45D0-B8B3-04E020C721AA}.Debug|x64.Build.0 = Debug|x64
		{0B8ADA25-B219-45D0-B8B3-04E020C721AA}.Release|Win32.ActiveCfg = Release|Win32
		{0B8ADA25-B219-45D0-B8B3-04E020C721AA}.Release|Win32.Build.0 = Release|Win32
		{0B8ADA25-B219-45D0-B8B3-04E020C721AA}.Release|x64.ActiveCfg = Release|x64
		{0B8ADA25-B219-45D0-B8B3-04E020C721AA}.Release|x64.Build.0 = Release|x64
		{1972539F-8CD6-48B6-AF3D-13FFFC7253E7}.Debug|Win32.ActiveCfg = Debug|Win32
		{1972539F-8CD6-48B6-AF3D-13FFFC7253E7}.Debug|Win32.Build.0 = Debug|Win32
		{1972539F-8CD6-48B6-AF3D-13FFFC7253E7}.Debug|x64.ActiveCfg = Debug|x64
		{1972539F-8CD6-48B6-AF3D-13FFFC7253E7}.Debug|x64.Build.0 = Debug|x64
		{1972539F-8CD6-48B6-AF3D-13FFFC7253E7}.Release|Win32.ActiveCfg = Release|Win32
		{1972539F-8CD6-48B6-AF3D-13FFFC7253E7}.Release|Win32.Build.0 = Release|Win32
		{1972539F-8CD6-48B6-AF3D-13FFFC7253E7}.Release|x64.ActiveCfg = Release|x64
		{1972539F-8CD6-48B6-AF3D-13FFFC7253E7}.Release|x64.Build.0 = Release|x64
		{B5D4103F-81A6-415F-A420-4822976F72DD}.Debug|Win32.ActiveCfg = Debug|Win32
		{B5D4103F-81A6-415F-A420-4822976F72DD}.Debug|Win32.Build.0 = Debug|Win32
		{B5D4103F-81A6-415F-A420-4822976F72DD}.Debug|x64.ActiveCfg = Debug|x64
		{B5D4103F-81A6-415F-A420-4822976F72DD}.Debug|x64.Build.0 = Debug|x64
		{B5D4103F-81A6-415F-A420-4822976F72DD}.Release|Win32.ActiveCfg = Release|Win32
		{B5D4103F-81A6-415F-A420-4822976F72DD}.Release|Win32.Build.0 = Release|Win32
		{B5D4103F-81A6-415F-A420-4822976F72DD}.Release|x64.ActiveCfg = Release|x64
		{B5D4103F-81A6-415F-A420-4822976F72DD}.Release|x64.Build.0 = Release|x64
		{7CDF760A-2A36-4998-A5D0-139447B460F5}.Debug|Win32.ActiveCfg = Debug|Win32
		{7CDF760A-2A36-4998-A5D0-139447B460F5}.Debug|Win32.Build.0 = Debug|Win32
		{7CDF760A-2A36-4998-A5D0-139447B460F5}.Debug|x64.ActiveCfg = Debug|x64
		{7CDF760A-2A36-4998-A5D0-139447B460F5}.Debug|x64.Build.0 = Debug|x64
		{7CDF760A-2A36-4998-A5D0-139447B460F5}.Release|Win32.ActiveCfg = Release|Win32
		{7CDF760A-2A36-4998-A5D0-139447B460F5}.Release|Win32.Build.0 = Release|Win32
		{7CDF760A-2A36-4998-A5D0-139447B460F5}.Release|x64.ActiveCfg = Release|x64
		{7CDF760A-2A36-4998-A5D0-139447B460F5}.Release|x64.Build.0 = Release|x64
		{12ECE349-D718-4815-A54D-84F89F4212D6}.Debug|Win32.ActiveCfg = Debug|Win32
		{12ECE349-D718-4815-A54D-84F89F4212D6}.Debug|Win32.Build.0 = Debug|Win32
		{12ECE349-D718-4815-A54D-84F89F4212D6}.Debug|x64.ActiveCfg = Debug|x64
		{12ECE349-D718-4815-A54D-84F89F4212D6}.Debug|x64.Build.0 = Debug|x64
		{12ECE349-D718-4815-A54D-84F89F4212D6}.Release|Win32.ActiveCfg = Release|Win32
		{12ECE349-D718-4815-A54D-84F89F4212D6}.Release|Win32.Build.0 = Release|Win32
		{12ECE349-D718-4815-A54D-84F89F4212D6}.Release|x64.ActiveCfg = Release|x64
		{12ECE349-D718-4815-A54D-84F89F4212D6}.Release|x64.Build.0 = Release|x64
	EndGlobalSection
	GlobalSection(SolutionProperties) = preSolution
		HideSolutionNode = FALSE
	EndGlobalSection
	GlobalSection(NestedProjects) = preSolution
		{7C39C0E8-72A2-4560-BA76-1BB2FB2DDC17} = {0A5F5CE5-4D56-4351-B093-7C38359A5C99}
		{FA34B32A-A045-4661-8423-6B4AC06676F4} = {0A5F5CE5-4D56-4351-B093-7C38359A5C99}
		{C30BDC81-FA59-416F-9F5F-4568D6A2F329} = {0A5F5CE5-4D56-4351-B093-7C38359A5C99}
		{09365990-EFE3-4251-8999-FD64FF28AC59} = {0A5F5CE5-4D56-4351-B093-7C38359A5C99}
		{4995ACBA-9810-4673-A51F-235FE8996C92} = {0A5F5CE5-4D56-4351-B093-7C38359A5C99}
		{D40C0468-7888-4962-BB10-288457D51EB7} = {9B83E12C-936B-443E-B97F-6E49442B5861}
		{0B8ADA25-B219-45D0-B8B3-04E020C721AA} = {9B83E12C-936B-443E-B97F-6E49442B5861}
		{1972539F-8CD6-48B6-AF3D-13FFFC7253E7} = {9B83E12C-936B-443E-B97F-6E49442B5861}
		{B5D4103F-81A6-415F-A420-4822976F72DD} = {9B83E12C-936B-443E-B97F-6E49442B5861}
		{7CDF760A-2A36-4998-A5D0-139447B460F5} = {9B83E12C-936B-443E-B97F-6E49442B5861}
		{12ECE349-D718-4815-A54D-84F89F4212D6} = {9B83E12C-936B-443E-B97F-6E49442B5861}
	EndGlobalSection
EndGlobal
